// !$*UTF8*$!
{
	archiveVersion = 1;
	classes = {
	};
	objectVersion = 50;
	objects = {

/* Begin PBXBuildFile section */
		75CCC3E124BD6F51005AE8B1 /* GameState.swift in Sources */ = {isa = PBXBuildFile; fileRef = 75CCC3E024BD6F51005AE8B1 /* GameState.swift */; };
		75ED2F1824BD6AC600064985 /* AppDelegate.swift in Sources */ = {isa = PBXBuildFile; fileRef = 75ED2F1724BD6AC600064985 /* AppDelegate.swift */; };
		75ED2F1A24BD6AC600064985 /* SceneDelegate.swift in Sources */ = {isa = PBXBuildFile; fileRef = 75ED2F1924BD6AC600064985 /* SceneDelegate.swift */; };
		75ED2F1C24BD6AC600064985 /* ViewController.swift in Sources */ = {isa = PBXBuildFile; fileRef = 75ED2F1B24BD6AC600064985 /* ViewController.swift */; };
		75ED2F1F24BD6AC600064985 /* Main.storyboard in Resources */ = {isa = PBXBuildFile; fileRef = 75ED2F1D24BD6AC600064985 /* Main.storyboard */; };
		75ED2F2124BD6AC700064985 /* Assets.xcassets in Resources */ = {isa = PBXBuildFile; fileRef = 75ED2F2024BD6AC700064985 /* Assets.xcassets */; };
		75ED2F2424BD6AC700064985 /* LaunchScreen.storyboard in Resources */ = {isa = PBXBuildFile; fileRef = 75ED2F2224BD6AC700064985 /* LaunchScreen.storyboard */; };
		75ED2F4824BD6B0300064985 /* Sign.swift in Sources */ = {isa = PBXBuildFile; fileRef = 75ED2F4724BD6B0300064985 /* Sign.swift */; };
/* End PBXBuildFile section */

/* Begin PBXContainerItemProxy section */
		75ED2F2B24BD6AC700064985 /* PBXContainerItemProxy */ = {
			isa = PBXContainerItemProxy;
			containerPortal = 75ED2F0C24BD6AC600064985 /* Project object */;
			proxyType = 1;
			remoteGlobalIDString = 75ED2F1324BD6AC600064985;
			remoteInfo = RPS;
		};
		75ED2F3624BD6AC700064985 /* PBXContainerItemProxy */ = {
			isa = PBXContainerItemProxy;
			containerPortal = 75ED2F0C24BD6AC600064985 /* Project object */;
			proxyType = 1;
			remoteGlobalIDString = 75ED2F1324BD6AC600064985;
			remoteInfo = RPS;
		};
/* End PBXContainerItemProxy section */

/* Begin PBXFileReference section */
		75CCC3E024BD6F51005AE8B1 /* GameState.swift */ = {isa = PBXFileReference; lastKnownFileType = sourcecode.swift; path = GameState.swift; sourceTree = "<group>"; };
		75ED2F1424BD6AC600064985 /* RPS.app */ = {isa = PBXFileReference; explicitFileType = wrapper.application; includeInIndex = 0; path = RPS.app; sourceTree = BUILT_PRODUCTS_DIR; };
		75ED2F1724BD6AC600064985 /* AppDelegate.swift */ = {isa = PBXFileReference; lastKnownFileType = sourcecode.swift; path = AppDelegate.swift; sourceTree = "<group>"; };
		75ED2F1924BD6AC600064985 /* SceneDelegate.swift */ = {isa = PBXFileReference; lastKnownFileType = sourcecode.swift; path = SceneDelegate.swift; sourceTree = "<group>"; };
		75ED2F1B24BD6AC600064985 /* ViewController.swift */ = {isa = PBXFileReference; lastKnownFileType = sourcecode.swift; path = ViewController.swift; sourceTree = "<group>"; };
		75ED2F1E24BD6AC600064985 /* Base */ = {isa = PBXFileReference; lastKnownFileType = file.storyboard; name = Base; path = Base.lproj/Main.storyboard; sourceTree = "<group>"; };
		75ED2F2024BD6AC700064985 /* Assets.xcassets */ = {isa = PBXFileReference; lastKnownFileType = folder.assetcatalog; path = Assets.xcassets; sourceTree = "<group>"; };
		75ED2F2324BD6AC700064985 /* Base */ = {isa = PBXFileReference; lastKnownFileType = file.storyboard; name = Base; path = Base.lproj/LaunchScreen.storyboard; sourceTree = "<group>"; };
		75ED2F2524BD6AC700064985 /* Info.plist */ = {isa = PBXFileReference; lastKnownFileType = text.plist.xml; path = Info.plist; sourceTree = "<group>"; };
		75ED2F2A24BD6AC700064985 /* RPSTests.xctest */ = {isa = PBXFileReference; explicitFileType = wrapper.cfbundle; includeInIndex = 0; path = RPSTests.xctest; sourceTree = BUILT_PRODUCTS_DIR; };
		75ED2F3524BD6AC700064985 /* RPSUITests.xctest */ = {isa = PBXFileReference; explicitFileType = wrapper.cfbundle; includeInIndex = 0; path = RPSUITests.xctest; sourceTree = BUILT_PRODUCTS_DIR; };
		75ED2F4724BD6B0300064985 /* Sign.swift */ = {isa = PBXFileReference; lastKnownFileType = sourcecode.swift; path = Sign.swift; sourceTree = "<group>"; };
/* End PBXFileReference section */

/* Begin PBXFrameworksBuildPhase section */
		75ED2F1124BD6AC600064985 /* Frameworks */ = {
			isa = PBXFrameworksBuildPhase;
			buildActionMask = 2147483647;
			files = (
			);
			runOnlyForDeploymentPostprocessing = 0;
		};
		75ED2F2724BD6AC700064985 /* Frameworks */ = {
			isa = PBXFrameworksBuildPhase;
			buildActionMask = 2147483647;
			files = (
			);
			runOnlyForDeploymentPostprocessing = 0;
		};
		75ED2F3224BD6AC700064985 /* Frameworks */ = {
			isa = PBXFrameworksBuildPhase;
			buildActionMask = 2147483647;
			files = (
			);
			runOnlyForDeploymentPostprocessing = 0;
		};
/* End PBXFrameworksBuildPhase section */

/* Begin PBXGroup section */
		75ED2F0B24BD6AC600064985 = {
			isa = PBXGroup;
			children = (
				75ED2F1624BD6AC600064985 /* RPS */,
				75ED2F1524BD6AC600064985 /* Products */,
			);
			sourceTree = "<group>";
		};
		75ED2F1524BD6AC600064985 /* Products */ = {
			isa = PBXGroup;
			children = (
				75ED2F1424BD6AC600064985 /* RPS.app */,
				75ED2F2A24BD6AC700064985 /* RPSTests.xctest */,
				75ED2F3524BD6AC700064985 /* RPSUITests.xctest */,
			);
			name = Products;
			sourceTree = "<group>";
		};
		75ED2F1624BD6AC600064985 /* RPS */ = {
			isa = PBXGroup;
			children = (
				75ED2F1724BD6AC600064985 /* AppDelegate.swift */,
				75ED2F1924BD6AC600064985 /* SceneDelegate.swift */,
				75ED2F1B24BD6AC600064985 /* ViewController.swift */,
				75ED2F1D24BD6AC600064985 /* Main.storyboard */,
				75ED2F2024BD6AC700064985 /* Assets.xcassets */,
				75ED2F2224BD6AC700064985 /* LaunchScreen.storyboard */,
				75ED2F2524BD6AC700064985 /* Info.plist */,
				75ED2F4724BD6B0300064985 /* Sign.swift */,
				75CCC3E024BD6F51005AE8B1 /* GameState.swift */,
			);
			path = RPS;
			sourceTree = "<group>";
		};
/* End PBXGroup section */

/* Begin PBXNativeTarget section */
		75ED2F1324BD6AC600064985 /* RPS */ = {
			isa = PBXNativeTarget;
			buildConfigurationList = 75ED2F3E24BD6AC800064985 /* Build configuration list for PBXNativeTarget "RPS" */;
			buildPhases = (
				75ED2F1024BD6AC600064985 /* Sources */,
				75ED2F1124BD6AC600064985 /* Frameworks */,
				75ED2F1224BD6AC600064985 /* Resources */,
			);
			buildRules = (
			);
			dependencies = (
			);
			name = RPS;
			productName = RPS;
			productReference = 75ED2F1424BD6AC600064985 /* RPS.app */;
			productType = "com.apple.product-type.application";
		};
		75ED2F2924BD6AC700064985 /* RPSTests */ = {
			isa = PBXNativeTarget;
			buildConfigurationList = 75ED2F4124BD6AC800064985 /* Build configuration list for PBXNativeTarget "RPSTests" */;
			buildPhases = (
				75ED2F2624BD6AC700064985 /* Sources */,
				75ED2F2724BD6AC700064985 /* Frameworks */,
				75ED2F2824BD6AC700064985 /* Resources */,
			);
			buildRules = (
			);
			dependencies = (
				75ED2F2C24BD6AC700064985 /* PBXTargetDependency */,
			);
			name = RPSTests;
			productName = RPSTests;
			productReference = 75ED2F2A24BD6AC700064985 /* RPSTests.xctest */;
			productType = "com.apple.product-type.bundle.unit-test";
		};
		75ED2F3424BD6AC700064985 /* RPSUITests */ = {
			isa = PBXNativeTarget;
			buildConfigurationList = 75ED2F4424BD6AC800064985 /* Build configuration list for PBXNativeTarget "RPSUITests" */;
			buildPhases = (
				75ED2F3124BD6AC700064985 /* Sources */,
				75ED2F3224BD6AC700064985 /* Frameworks */,
				75ED2F3324BD6AC700064985 /* Resources */,
			);
			buildRules = (
			);
			dependencies = (
				75ED2F3724BD6AC700064985 /* PBXTargetDependency */,
			);
			name = RPSUITests;
			productName = RPSUITests;
			productReference = 75ED2F3524BD6AC700064985 /* RPSUITests.xctest */;
			productType = "com.apple.product-type.bundle.ui-testing";
		};
/* End PBXNativeTarget section */

/* Begin PBXProject section */
		75ED2F0C24BD6AC600064985 /* Project object */ = {
			isa = PBXProject;
			attributes = {
				LastSwiftUpdateCheck = 1150;
				LastUpgradeCheck = 1150;
				TargetAttributes = {
					75ED2F1324BD6AC600064985 = {
						CreatedOnToolsVersion = 11.5;
					};
					75ED2F2924BD6AC700064985 = {
						CreatedOnToolsVersion = 11.5;
						TestTargetID = 75ED2F1324BD6AC600064985;
					};
					75ED2F3424BD6AC700064985 = {
						CreatedOnToolsVersion = 11.5;
						TestTargetID = 75ED2F1324BD6AC600064985;
					};
				};
			};
			buildConfigurationList = 75ED2F0F24BD6AC600064985 /* Build configuration list for PBXProject "RPS" */;
			compatibilityVersion = "Xcode 9.3";
			developmentRegion = en;
			hasScannedForEncodings = 0;
			knownRegions = (
				en,
				Base,
			);
			mainGroup = 75ED2F0B24BD6AC600064985;
			productRefGroup = 75ED2F1524BD6AC600064985 /* Products */;
			projectDirPath = "";
			projectRoot = "";
			targets = (
				75ED2F1324BD6AC600064985 /* RPS */,
				75ED2F2924BD6AC700064985 /* RPSTests */,
				75ED2F3424BD6AC700064985 /* RPSUITests */,
			);
		};
/* End PBXProject section */

/* Begin PBXResourcesBuildPhase section */
		75ED2F1224BD6AC600064985 /* Resources */ = {
			isa = PBXResourcesBuildPhase;
			buildActionMask = 2147483647;
			files = (
				75ED2F2424BD6AC700064985 /* LaunchScreen.storyboard in Resources */,
				75ED2F2124BD6AC700064985 /* Assets.xcassets in Resources */,
				75ED2F1F24BD6AC600064985 /* Main.storyboard in Resources */,
			);
			runOnlyForDeploymentPostprocessing = 0;
		};
		75ED2F2824BD6AC700064985 /* Resources */ = {
			isa = PBXResourcesBuildPhase;
			buildActionMask = 2147483647;
			files = (
			);
			runOnlyForDeploymentPostprocessing = 0;
		};
		75ED2F3324BD6AC700064985 /* Resources */ = {
			isa = PBXResourcesBuildPhase;
			buildActionMask = 2147483647;
			files = (
			);
			runOnlyForDeploymentPostprocessing = 0;
		};
/* End PBXResourcesBuildPhase section */

/* Begin PBXSourcesBuildPhase section */
		75ED2F1024BD6AC600064985 /* Sources */ = {
			isa = PBXSourcesBuildPhase;
			buildActionMask = 2147483647;
			files = (
				75ED2F1C24BD6AC600064985 /* ViewController.swift in Sources */,
				75ED2F1824BD6AC600064985 /* AppDelegate.swift in Sources */,
				75CCC3E124BD6F51005AE8B1 /* GameState.swift in Sources */,
				75ED2F4824BD6B0300064985 /* Sign.swift in Sources */,
				75ED2F1A24BD6AC600064985 /* SceneDelegate.swift in Sources */,
			);
			runOnlyForDeploymentPostprocessing = 0;
		};
		75ED2F2624BD6AC700064985 /* Sources */ = {
			isa = PBXSourcesBuildPhase;
			buildActionMask = 2147483647;
			files = (
			);
			runOnlyForDeploymentPostprocessing = 0;
		};
		75ED2F3124BD6AC700064985 /* Sources */ = {
			isa = PBXSourcesBuildPhase;
			buildActionMask = 2147483647;
			files = (
			);
			runOnlyForDeploymentPostprocessing = 0;
		};
/* End PBXSourcesBuildPhase section */

/* Begin PBXTargetDependency section */
		75ED2F2C24BD6AC700064985 /* PBXTargetDependency */ = {
			isa = PBXTargetDependency;
			target = 75ED2F1324BD6AC600064985 /* RPS */;
			targetProxy = 75ED2F2B24BD6AC700064985 /* PBXContainerItemProxy */;
		};
		75ED2F3724BD6AC700064985 /* PBXTargetDependency */ = {
			isa = PBXTargetDependency;
			target = 75ED2F1324BD6AC600064985 /* RPS */;
			targetProxy = 75ED2F3624BD6AC700064985 /* PBXContainerItemProxy */;
		};
/* End PBXTargetDependency section */

/* Begin PBXVariantGroup section */
		75ED2F1D24BD6AC600064985 /* Main.storyboard */ = {
			isa = PBXVariantGroup;
			children = (
				75ED2F1E24BD6AC600064985 /* Base */,
			);
			name = Main.storyboard;
			sourceTree = "<group>";
		};
		75ED2F2224BD6AC700064985 /* LaunchScreen.storyboard */ = {
			isa = PBXVariantGroup;
			children = (
				75ED2F2324BD6AC700064985 /* Base */,
			);
			name = LaunchScreen.storyboard;
			sourceTree = "<group>";
		};
/* End PBXVariantGroup section */

/* Begin XCBuildConfiguration section */
		75ED2F3C24BD6AC800064985 /* Debug */ = {
			isa = XCBuildConfiguration;
			buildSettings = {
				ALWAYS_SEARCH_USER_PATHS = NO;
				CLANG_ANALYZER_NONNULL = YES;
				CLANG_ANALYZER_NUMBER_OBJECT_CONVERSION = YES_AGGRESSIVE;
				CLANG_CXX_LANGUAGE_STANDARD = "gnu++14";
				CLANG_CXX_LIBRARY = "libc++";
				CLANG_ENABLE_MODULES = YES;
				CLANG_ENABLE_OBJC_ARC = YES;
				CLANG_ENABLE_OBJC_WEAK = YES;
				CLANG_WARN_BLOCK_CAPTURE_AUTORELEASING = YES;
				CLANG_WARN_BOOL_CONVERSION = YES;
				CLANG_WARN_COMMA = YES;
				CLANG_WARN_CONSTANT_CONVERSION = YES;
				CLANG_WARN_DEPRECATED_OBJC_IMPLEMENTATIONS = YES;
				CLANG_WARN_DIRECT_OBJC_ISA_USAGE = YES_ERROR;
				CLANG_WARN_DOCUMENTATION_COMMENTS = YES;
				CLANG_WARN_EMPTY_BODY = YES;
				CLANG_WARN_ENUM_CONVERSION = YES;
				CLANG_WARN_INFINITE_RECURSION = YES;
				CLANG_WARN_INT_CONVERSION = YES;
				CLANG_WARN_NON_LITERAL_NULL_CONVERSION = YES;
				CLANG_WARN_OBJC_IMPLICIT_RETAIN_SELF = YES;
				CLANG_WARN_OBJC_LITERAL_CONVERSION = YES;
				CLANG_WARN_OBJC_ROOT_CLASS = YES_ERROR;
				CLANG_WARN_RANGE_LOOP_ANALYSIS = YES;
				CLANG_WARN_STRICT_PROTOTYPES = YES;
				CLANG_WARN_SUSPICIOUS_MOVE = YES;
				CLANG_WARN_UNGUARDED_AVAILABILITY = YES_AGGRESSIVE;
				CLANG_WARN_UNREACHABLE_CODE = YES;
				CLANG_WARN__DUPLICATE_METHOD_MATCH = YES;
				COPY_PHASE_STRIP = NO;
				DEBUG_INFORMATION_FORMAT = dwarf;
				ENABLE_STRICT_OBJC_MSGSEND = YES;
				ENABLE_TESTABILITY = YES;
				GCC_C_LANGUAGE_STANDARD = gnu11;
				GCC_DYNAMIC_NO_PIC = NO;
				GCC_NO_COMMON_BLOCKS = YES;
				GCC_OPTIMIZATION_LEVEL = 0;
				GCC_PREPROCESSOR_DEFINITIONS = (
					"DEBUG=1",
					"$(inherited)",
				);
				GCC_WARN_64_TO_32_BIT_CONVERSION = YES;
				GCC_WARN_ABOUT_RETURN_TYPE = YES_ERROR;
				GCC_WARN_UNDECLARED_SELECTOR = YES;
				GCC_WARN_UNINITIALIZED_AUTOS = YES_AGGRESSIVE;
				GCC_WARN_UNUSED_FUNCTION = YES;
				GCC_WARN_UNUSED_VARIABLE = YES;
				IPHONEOS_DEPLOYMENT_TARGET = 13.5;
				MTL_ENABLE_DEBUG_INFO = INCLUDE_SOURCE;
				MTL_FAST_MATH = YES;
				ONLY_ACTIVE_ARCH = YES;
				SDKROOT = iphoneos;
				SWIFT_ACTIVE_COMPILATION_CONDITIONS = DEBUG;
				SWIFT_OPTIMIZATION_LEVEL = "-Onone";
			};
			name = Debug;
		};
		75ED2F3D24BD6AC800064985 /* Release */ = {
			isa = XCBuildConfiguration;
			buildSettings = {
				ALWAYS_SEARCH_USER_PATHS = NO;
				CLANG_ANALYZER_NONNULL = YES;
				CLANG_ANALYZER_NUMBER_OBJECT_CONVERSION = YES_AGGRESSIVE;
				CLANG_CXX_LANGUAGE_STANDARD = "gnu++14";
				CLANG_CXX_LIBRARY = "libc++";
				CLANG_ENABLE_MODULES = YES;
				CLANG_ENABLE_OBJC_ARC = YES;
				CLANG_ENABLE_OBJC_WEAK = YES;
				CLANG_WARN_BLOCK_CAPTURE_AUTORELEASING = YES;
				CLANG_WARN_BOOL_CONVERSION = YES;
				CLANG_WARN_COMMA = YES;
				CLANG_WARN_CONSTANT_CONVERSION = YES;
				CLANG_WARN_DEPRECATED_OBJC_IMPLEMENTATIONS = YES;
				CLANG_WARN_DIRECT_OBJC_ISA_USAGE = YES_ERROR;
				CLANG_WARN_DOCUMENTATION_COMMENTS = YES;
				CLANG_WARN_EMPTY_BODY = YES;
				CLANG_WARN_ENUM_CONVERSION = YES;
				CLANG_WARN_INFINITE_RECURSION = YES;
				CLANG_WARN_INT_CONVERSION = YES;
				CLANG_WARN_NON_LITERAL_NULL_CONVERSION = YES;
				CLANG_WARN_OBJC_IMPLICIT_RETAIN_SELF = YES;
				CLANG_WARN_OBJC_LITERAL_CONVERSION = YES;
				CLANG_WARN_OBJC_ROOT_CLASS = YES_ERROR;
				CLANG_WARN_RANGE_LOOP_ANALYSIS = YES;
				CLANG_WARN_STRICT_PROTOTYPES = YES;
				CLANG_WARN_SUSPICIOUS_MOVE = YES;
				CLANG_WARN_UNGUARDED_AVAILABILITY = YES_AGGRESSIVE;
				CLANG_WARN_UNREACHABLE_CODE = YES;
				CLANG_WARN__DUPLICATE_METHOD_MATCH = YES;
				COPY_PHASE_STRIP = NO;
				DEBUG_INFORMATION_FORMAT = "dwarf-with-dsym";
				ENABLE_NS_ASSERTIONS = NO;
				ENABLE_STRICT_OBJC_MSGSEND = YES;
				GCC_C_LANGUAGE_STANDARD = gnu11;
				GCC_NO_COMMON_BLOCKS = YES;
				GCC_WARN_64_TO_32_BIT_CONVERSION = YES;
				GCC_WARN_ABOUT_RETURN_TYPE = YES_ERROR;
				GCC_WARN_UNDECLARED_SELECTOR = YES;
				GCC_WARN_UNINITIALIZED_AUTOS = YES_AGGRESSIVE;
				GCC_WARN_UNUSED_FUNCTION = YES;
				GCC_WARN_UNUSED_VARIABLE = YES;
				IPHONEOS_DEPLOYMENT_TARGET = 13.5;
				MTL_ENABLE_DEBUG_INFO = NO;
				MTL_FAST_MATH = YES;
				SDKROOT = iphoneos;
				SWIFT_COMPILATION_MODE = wholemodule;
				SWIFT_OPTIMIZATION_LEVEL = "-O";
				VALIDATE_PRODUCT = YES;
			};
			name = Release;
		};
		75ED2F3F24BD6AC800064985 /* Debug */ = {
			isa = XCBuildConfiguration;
			buildSettings = {
				ASSETCATALOG_COMPILER_APPICON_NAME = AppIcon;
				CODE_SIGN_STYLE = Automatic;
				DEVELOPMENT_TEAM = DH65FY42SU;
				INFOPLIST_FILE = RPS/Info.plist;
				LD_RUNPATH_SEARCH_PATHS = (
					"$(inherited)",
					"@executable_path/Frameworks",
				);
				PRODUCT_BUNDLE_IDENTIFIER = com.jma.RPS;
				PRODUCT_NAME = "$(TARGET_NAME)";
				SWIFT_VERSION = 5.0;
				TARGETED_DEVICE_FAMILY = "1,2";
			};
			name = Debug;
		};
		75ED2F4024BD6AC800064985 /* Release */ = {
			isa = XCBuildConfiguration;
			buildSettings = {
				ASSETCATALOG_COMPILER_APPICON_NAME = AppIcon;
				CODE_SIGN_STYLE = Automatic;
				DEVELOPMENT_TEAM = DH65FY42SU;
				INFOPLIST_FILE = RPS/Info.plist;
				LD_RUNPATH_SEARCH_PATHS = (
					"$(inherited)",
					"@executable_path/Frameworks",
				);
				PRODUCT_BUNDLE_IDENTIFIER = com.jma.RPS;
				PRODUCT_NAME = "$(TARGET_NAME)";
				SWIFT_VERSION = 5.0;
				TARGETED_DEVICE_FAMILY = "1,2";
			};
			name = Release;
		};
		75ED2F4224BD6AC800064985 /* Debug */ = {
			isa = XCBuildConfiguration;
			buildSettings = {
				ALWAYS_EMBED_SWIFT_STANDARD_LIBRARIES = YES;
				BUNDLE_LOADER = "$(TEST_HOST)";
				CODE_SIGN_STYLE = Automatic;
				DEVELOPMENT_TEAM = DH65FY42SU;
				INFOPLIST_FILE = RPSTests/Info.plist;
				IPHONEOS_DEPLOYMENT_TARGET = 13.5;
				LD_RUNPATH_SEARCH_PATHS = (
					"$(inherited)",
					"@executable_path/Frameworks",
					"@loader_path/Frameworks",
				);
				PRODUCT_BUNDLE_IDENTIFIER = com.jma.RPSTests;
				PRODUCT_NAME = "$(TARGET_NAME)";
				SWIFT_VERSION = 5.0;
				TARGETED_DEVICE_FAMILY = "1,2";
				TEST_HOST = "$(BUILT_PRODUCTS_DIR)/RPS.app/RPS";
			};
			name = Debug;
		};
		75ED2F4324BD6AC800064985 /* Release */ = {
			isa = XCBuildConfiguration;
			buildSettings = {
				ALWAYS_EMBED_SWIFT_STANDARD_LIBRARIES = YES;
				BUNDLE_LOADER = "$(TEST_HOST)";
				CODE_SIGN_STYLE = Automatic;
				DEVELOPMENT_TEAM = DH65FY42SU;
				INFOPLIST_FILE = RPSTests/Info.plist;
				IPHONEOS_DEPLOYMENT_TARGET = 13.5;
				LD_RUNPATH_SEARCH_PATHS = (
					"$(inherited)",
					"@executable_path/Frameworks",
					"@loader_path/Frameworks",
				);
				PRODUCT_BUNDLE_IDENTIFIER = com.jma.RPSTests;
				PRODUCT_NAME = "$(TARGET_NAME)";
				SWIFT_VERSION = 5.0;
				TARGETED_DEVICE_FAMILY = "1,2";
				TEST_HOST = "$(BUILT_PRODUCTS_DIR)/RPS.app/RPS";
			};
			name = Release;
		};
		75ED2F4524BD6AC800064985 /* Debug */ = {
			isa = XCBuildConfiguration;
			buildSettings = {
				ALWAYS_EMBED_SWIFT_STANDARD_LIBRARIES = YES;
				CODE_SIGN_STYLE = Automatic;
				DEVELOPMENT_TEAM = DH65FY42SU;
				INFOPLIST_FILE = RPSUITests/Info.plist;
				LD_RUNPATH_SEARCH_PATHS = (
					"$(inherited)",
					"@executable_path/Frameworks",
					"@loader_path/Frameworks",
				);
				PRODUCT_BUNDLE_IDENTIFIER = com.jma.RPSUITests;
				PRODUCT_NAME = "$(TARGET_NAME)";
				SWIFT_VERSION = 5.0;
				TARGETED_DEVICE_FAMILY = "1,2";
				TEST_TARGET_NAME = RPS;
			};
			name = Debug;
		};
		75ED2F4624BD6AC800064985 /* Release */ = {
			isa = XCBuildConfiguration;
			buildSettings = {
				ALWAYS_EMBED_SWIFT_STANDARD_LIBRARIES = YES;
				CODE_SIGN_STYLE = Automatic;
				DEVELOPMENT_TEAM = DH65FY42SU;
				INFOPLIST_FILE = RPSUITests/Info.plist;
				LD_RUNPATH_SEARCH_PATHS = (
					"$(inherited)",
					"@executable_path/Frameworks",
					"@loader_path/Frameworks",
				);
				PRODUCT_BUNDLE_IDENTIFIER = com.jma.RPSUITests;
				PRODUCT_NAME = "$(TARGET_NAME)";
				SWIFT_VERSION = 5.0;
				TARGETED_DEVICE_FAMILY = "1,2";
				TEST_TARGET_NAME = RPS;
			};
			name = Release;
		};
/* End XCBuildConfiguration section */

/* Begin XCConfigurationList section */
		75ED2F0F24BD6AC600064985 /* Build configuration list for PBXProject "RPS" */ = {
			isa = XCConfigurationList;
			buildConfigurations = (
				75ED2F3C24BD6AC800064985 /* Debug */,
				75ED2F3D24BD6AC800064985 /* Release */,
			);
			defaultConfigurationIsVisible = 0;
			defaultConfigurationName = Release;
		};
		75ED2F3E24BD6AC800064985 /* Build configuration list for PBXNativeTarget "RPS" */ = {
			isa = XCConfigurationList;
			buildConfigurations = (
				75ED2F3F24BD6AC800064985 /* Debug */,
				75ED2F4024BD6AC800064985 /* Release */,
			);
			defaultConfigurationIsVisible = 0;
			defaultConfigurationName = Release;
		};
		75ED2F4124BD6AC800064985 /* Build configuration list for PBXNativeTarget "RPSTests" */ = {
			isa = XCConfigurationList;
			buildConfigurations = (
				75ED2F4224BD6AC800064985 /* Debug */,
				75ED2F4324BD6AC800064985 /* Release */,
			);
			defaultConfigurationIsVisible = 0;
			defaultConfigurationName = Release;
		};
		75ED2F4424BD6AC800064985 /* Build configuration list for PBXNativeTarget "RPSUITests" */ = {
			isa = XCConfigurationList;
			buildConfigurations = (
				75ED2F4524BD6AC800064985 /* Debug */,
				75ED2F4624BD6AC800064985 /* Release */,
			);
			defaultConfigurationIsVisible = 0;
			defaultConfigurationName = Release;
		};
/* End XCConfigurationList section */
	};
	rootObject = 75ED2F0C24BD6AC600064985 /* Project object */;
}
